
Microsoft Visual Studio Solution File, Format Version 12.00
# Visual Studio Version 17
VisualStudioVersion = 17.3.32901.215
MinimumVisualStudioVersion = 10.0.40219.1
Project("{FAE04EC0-301F-11D3-BF4B-00C04F79EFBC}") = "VisualPinballTableReplacer", "VisualPinballTableReplacer\VisualPinballTableReplacer.csproj", "{2A85B1A2-CB2C-4F50-A82F-B60ABF7C87BB}"
EndProject
Global
	GlobalSection(SolutionConfigurationPlatforms) = preSolution
		Debug|Any CPU = Debug|Any CPU
		Release|Any CPU = Release|Any CPU
	EndGlobalSection
	GlobalSection(ProjectConfigurationPlatforms) = postSolution
		{2A85B1A2-CB2C-4F50-A82F-B60ABF7C87BB}.Debug|Any CPU.ActiveCfg = Debug|Any CPU
		{2A85B1A2-CB2C-4F50-A82F-B60ABF7C87BB}.Debug|Any CPU.Build.0 = Debug|Any CPU
		{2A85B1A2-CB2C-4F50-A82F-B60ABF7C87BB}.Release|Any CPU.ActiveCfg = Release|Any CPU
		{2A85B1A2-CB2C-4F50-A82F-B60ABF7C87BB}.Release|Any CPU.Build.0 = Release|Any CPU
	EndGlobalSection
	GlobalSection(SolutionProperties) = preSolution
		HideSolutionNode = FALSE
	EndGlobalSection
	GlobalSection(ExtensibilityGlobals) = postSolution
		SolutionGuid = {8F8BCCB6-9CDF-451E-B7A7-FCC8F7284FBD}
	EndGlobalSection
EndGlobal
